// !$*UTF8*$!
{
	archiveVersion = 1;
	classes = {
	};
	objectVersion = 46;
	objects = {

/* Begin PBXBuildFile section */
		7301904B1CF2232A0020FB39 /* Images.xcassets in Resources */ = {isa = PBXBuildFile; fileRef = 7301904A1CF2232A0020FB39 /* Images.xcassets */; };
		7301904D1CF223620020FB39 /* Launch Screen.storyboard in Resources */ = {isa = PBXBuildFile; fileRef = 7301904C1CF223620020FB39 /* Launch Screen.storyboard */; };
		7303EFF91CF21070004DC896 /* AppDelegate.swift in Sources */ = {isa = PBXBuildFile; fileRef = 7303EFF81CF21070004DC896 /* AppDelegate.swift */; };
		7303EFFE1CF21070004DC896 /* Main.storyboard in Resources */ = {isa = PBXBuildFile; fileRef = 7303EFFC1CF21070004DC896 /* Main.storyboard */; };
		7303F0031CF21070004DC896 /* LaunchScreen.storyboard in Resources */ = {isa = PBXBuildFile; fileRef = 7303F0011CF21070004DC896 /* LaunchScreen.storyboard */; };
		7303F00B1CF21197004DC896 /* MyRestrauntsTableViewController.swift in Sources */ = {isa = PBXBuildFile; fileRef = 7303F00A1CF21197004DC896 /* MyRestrauntsTableViewController.swift */; };
		7303F00D1CF2146F004DC896 /* MyRestarauntsTableViewCell.swift in Sources */ = {isa = PBXBuildFile; fileRef = 7303F00C1CF2146F004DC896 /* MyRestarauntsTableViewCell.swift */; };
		738CB4121CF605BA00DEEFA3 /* DetailsViewController.swift in Sources */ = {isa = PBXBuildFile; fileRef = 738CB4111CF605BA00DEEFA3 /* DetailsViewController.swift */; };
		73FF89DB1CF7916C00D2026A /* Restaurant.swift in Sources */ = {isa = PBXBuildFile; fileRef = 73FF89DA1CF7916C00D2026A /* Restaurant.swift */; };
/* End PBXBuildFile section */

/* Begin PBXFileReference section */
		7301904A1CF2232A0020FB39 /* Images.xcassets */ = {isa = PBXFileReference; lastKnownFileType = folder.assetcatalog; path = Images.xcassets; sourceTree = "<group>"; };
		7301904C1CF223620020FB39 /* Launch Screen.storyboard */ = {isa = PBXFileReference; fileEncoding = 4; lastKnownFileType = file.storyboard; path = "Launch Screen.storyboard"; sourceTree = "<group>"; };
		7303EFF51CF21070004DC896 /* MyRestaurants.app */ = {isa = PBXFileReference; explicitFileType = wrapper.application; includeInIndex = 0; path = MyRestaurants.app; sourceTree = BUILT_PRODUCTS_DIR; };
		7303EFF81CF21070004DC896 /* AppDelegate.swift */ = {isa = PBXFileReference; lastKnownFileType = sourcecode.swift; path = AppDelegate.swift; sourceTree = "<group>"; };
		7303EFFD1CF21070004DC896 /* Base */ = {isa = PBXFileReference; lastKnownFileType = file.storyboard; name = Base; path = Base.lproj/Main.storyboard; sourceTree = "<group>"; };
		7303F0021CF21070004DC896 /* Base */ = {isa = PBXFileReference; lastKnownFileType = file.storyboard; name = Base; path = Base.lproj/LaunchScreen.storyboard; sourceTree = "<group>"; };
		7303F0041CF21070004DC896 /* Info.plist */ = {isa = PBXFileReference; lastKnownFileType = text.plist.xml; path = Info.plist; sourceTree = "<group>"; };
		7303F00A1CF21197004DC896 /* MyRestrauntsTableViewController.swift */ = {isa = PBXFileReference; fileEncoding = 4; lastKnownFileType = sourcecode.swift; path = MyRestrauntsTableViewController.swift; sourceTree = "<group>"; };
		7303F00C1CF2146F004DC896 /* MyRestarauntsTableViewCell.swift */ = {isa = PBXFileReference; fileEncoding = 4; lastKnownFileType = sourcecode.swift; path = MyRestarauntsTableViewCell.swift; sourceTree = "<group>"; };
		738CB4111CF605BA00DEEFA3 /* DetailsViewController.swift */ = {isa = PBXFileReference; fileEncoding = 4; lastKnownFileType = sourcecode.swift; name = DetailsViewController.swift; path = ../DetailsViewController.swift; sourceTree = "<group>"; };
		73FF89DA1CF7916C00D2026A /* Restaurant.swift */ = {isa = PBXFileReference; fileEncoding = 4; lastKnownFileType = sourcecode.swift; path = Restaurant.swift; sourceTree = "<group>"; };
/* End PBXFileReference section */

/* Begin PBXFrameworksBuildPhase section */
		7303EFF21CF21070004DC896 /* Frameworks */ = {
			isa = PBXFrameworksBuildPhase;
			buildActionMask = 2147483647;
			files = (
			);
			runOnlyForDeploymentPostprocessing = 0;
		};
/* End PBXFrameworksBuildPhase section */

/* Begin PBXGroup section */
		7303EFEC1CF21070004DC896 = {
			isa = PBXGroup;
			children = (
				7303EFF71CF21070004DC896 /* MyRestaurants */,
				7303EFF61CF21070004DC896 /* Products */,
			);
			sourceTree = "<group>";
		};
		7303EFF61CF21070004DC896 /* Products */ = {
			isa = PBXGroup;
			children = (
				7303EFF51CF21070004DC896 /* MyRestaurants.app */,
			);
			name = Products;
			sourceTree = "<group>";
		};
		7303EFF71CF21070004DC896 /* MyRestaurants */ = {
			isa = PBXGroup;
			children = (
				738CB4111CF605BA00DEEFA3 /* DetailsViewController.swift */,
				7303EFF81CF21070004DC896 /* AppDelegate.swift */,
				7303F00A1CF21197004DC896 /* MyRestrauntsTableViewController.swift */,
				7303F00C1CF2146F004DC896 /* MyRestarauntsTableViewCell.swift */,
				73FF89DA1CF7916C00D2026A /* Restaurant.swift */,
				7303EFFC1CF21070004DC896 /* Main.storyboard */,
				7303F0011CF21070004DC896 /* LaunchScreen.storyboard */,
				7303F0041CF21070004DC896 /* Info.plist */,
				7301904A1CF2232A0020FB39 /* Images.xcassets */,
				7301904C1CF223620020FB39 /* Launch Screen.storyboard */,
			);
			path = MyRestaurants;
			sourceTree = "<group>";
		};
/* End PBXGroup section */

/* Begin PBXNativeTarget section */
		7303EFF41CF21070004DC896 /* MyRestaurants */ = {
			isa = PBXNativeTarget;
			buildConfigurationList = 7303F0071CF21070004DC896 /* Build configuration list for PBXNativeTarget "MyRestaurants" */;
			buildPhases = (
				7303EFF11CF21070004DC896 /* Sources */,
				7303EFF21CF21070004DC896 /* Frameworks */,
				7303EFF31CF21070004DC896 /* Resources */,
			);
			buildRules = (
			);
			dependencies = (
			);
			name = MyRestaurants;
			productName = MyRestaurants;
			productReference = 7303EFF51CF21070004DC896 /* MyRestaurants.app */;
			productType = "com.apple.product-type.application";
		};
/* End PBXNativeTarget section */

/* Begin PBXProject section */
		7303EFED1CF21070004DC896 /* Project object */ = {
			isa = PBXProject;
			attributes = {
				LastSwiftUpdateCheck = 0730;
				LastUpgradeCheck = 0730;
				ORGANIZATIONNAME = "Pavel Anpleenko";
				TargetAttributes = {
					7303EFF41CF21070004DC896 = {
						CreatedOnToolsVersion = 7.3.1;
						DevelopmentTeam = 9T23CDVWRT;
					};
				};
			};
			buildConfigurationList = 7303EFF01CF21070004DC896 /* Build configuration list for PBXProject "MyRestaurants" */;
			compatibilityVersion = "Xcode 3.2";
			developmentRegion = English;
			hasScannedForEncodings = 0;
			knownRegions = (
				en,
				Base,
			);
			mainGroup = 7303EFEC1CF21070004DC896;
			productRefGroup = 7303EFF61CF21070004DC896 /* Products */;
			projectDirPath = "";
			projectRoot = "";
			targets = (
				7303EFF41CF21070004DC896 /* MyRestaurants */,
			);
		};
/* End PBXProject section */

/* Begin PBXResourcesBuildPhase section */
		7303EFF31CF21070004DC896 /* Resources */ = {
			isa = PBXResourcesBuildPhase;
			buildActionMask = 2147483647;
			files = (
				7301904B1CF2232A0020FB39 /* Images.xcassets in Resources */,
				7303F0031CF21070004DC896 /* LaunchScreen.storyboard in Resources */,
				7301904D1CF223620020FB39 /* Launch Screen.storyboard in Resources */,
				7303EFFE1CF21070004DC896 /* Main.storyboard in Resources */,
			);
			runOnlyForDeploymentPostprocessing = 0;
		};
/* End PBXResourcesBuildPhase section */

/* Begin PBXSourcesBuildPhase section */
		7303EFF11CF21070004DC896 /* Sources */ = {
			isa = PBXSourcesBuildPhase;
			buildActionMask = 2147483647;
			files = (
				73FF89DB1CF7916C00D2026A /* Restaurant.swift in Sources */,
				7303F00B1CF21197004DC896 /* MyRestrauntsTableViewController.swift in Sources */,
				7303EFF91CF21070004DC896 /* AppDelegate.swift in Sources */,
				7303F00D1CF2146F004DC896 /* MyRestarauntsTableViewCell.swift in Sources */,
				738CB4121CF605BA00DEEFA3 /* DetailsViewController.swift in Sources */,
			);
			runOnlyForDeploymentPostprocessing = 0;
		};
/* End PBXSourcesBuildPhase section */

/* Begin PBXVariantGroup section */
		7303EFFC1CF21070004DC896 /* Main.storyboard */ = {
			isa = PBXVariantGroup;
			children = (
				7303EFFD1CF21070004DC896 /* Base */,
			);
			name = Main.storyboard;
			sourceTree = "<group>";
		};
		7303F0011CF21070004DC896 /* LaunchScreen.storyboard */ = {
			isa = PBXVariantGroup;
			children = (
				7303F0021CF21070004DC896 /* Base */,
			);
			name = LaunchScreen.storyboard;
			sourceTree = "<group>";
		};
/* End PBXVariantGroup section */

/* Begin XCBuildConfiguration section */
		7303F0051CF21070004DC896 /* Debug */ = {
			isa = XCBuildConfiguration;
			buildSettings = {
				ALWAYS_SEARCH_USER_PATHS = NO;
				CLANG_ANALYZER_NONNULL = YES;
				CLANG_CXX_LANGUAGE_STANDARD = "gnu++0x";
				CLANG_CXX_LIBRARY = "libc++";
				CLANG_ENABLE_MODULES = YES;
				CLANG_ENABLE_OBJC_ARC = YES;
				CLANG_WARN_BOOL_CONVERSION = YES;
				CLANG_WARN_CONSTANT_CONVERSION = YES;
				CLANG_WARN_DIRECT_OBJC_ISA_USAGE = YES_ERROR;
				CLANG_WARN_EMPTY_BODY = YES;
				CLANG_WARN_ENUM_CONVERSION = YES;
				CLANG_WARN_INT_CONVERSION = YES;
				CLANG_WARN_OBJC_ROOT_CLASS = YES_ERROR;
				CLANG_WARN_UNREACHABLE_CODE = YES;
				CLANG_WARN__DUPLICATE_METHOD_MATCH = YES;
				"CODE_SIGN_IDENTITY[sdk=iphoneos*]" = "iPhone Developer";
				COPY_PHASE_STRIP = NO;
				DEBUG_INFORMATION_FORMAT = dwarf;
				ENABLE_STRICT_OBJC_MSGSEND = YES;
				ENABLE_TESTABILITY = YES;
				GCC_C_LANGUAGE_STANDARD = gnu99;
				GCC_DYNAMIC_NO_PIC = NO;
				GCC_NO_COMMON_BLOCKS = YES;
				GCC_OPTIMIZATION_LEVEL = 0;
				GCC_PREPROCESSOR_DEFINITIONS = (
					"DEBUG=1",
					"$(inherited)",
				);
				GCC_WARN_64_TO_32_BIT_CONVERSION = YES;
				GCC_WARN_ABOUT_RETURN_TYPE = YES_ERROR;
				GCC_WARN_UNDECLARED_SELECTOR = YES;
				GCC_WARN_UNINITIALIZED_AUTOS = YES_AGGRESSIVE;
				GCC_WARN_UNUSED_FUNCTION = YES;
				GCC_WARN_UNUSED_VARIABLE = YES;
				IPHONEOS_DEPLOYMENT_TARGET = 9.3;
				MTL_ENABLE_DEBUG_INFO = YES;
				ONLY_ACTIVE_ARCH = YES;
				SDKROOT = iphoneos;
				SWIFT_OPTIMIZATION_LEVEL = "-Onone";
			};
			name = Debug;
		};
		7303F0061CF21070004DC896 /* Release */ = {
			isa = XCBuildConfiguration;
			buildSettings = {
				ALWAYS_SEARCH_USER_PATHS = NO;
				CLANG_ANALYZER_NONNULL = YES;
				CLANG_CXX_LANGUAGE_STANDARD = "gnu++0x";
				CLANG_CXX_LIBRARY = "libc++";
				CLANG_ENABLE_MODULES = YES;
				CLANG_ENABLE_OBJC_ARC = YES;
				CLANG_WARN_BOOL_CONVERSION = YES;
				CLANG_WARN_CONSTANT_CONVERSION = YES;
				CLANG_WARN_DIRECT_OBJC_ISA_USAGE = YES_ERROR;
				CLANG_WARN_EMPTY_BODY = YES;
				CLANG_WARN_ENUM_CONVERSION = YES;
				CLANG_WARN_INT_CONVERSION = YES;
				CLANG_WARN_OBJC_ROOT_CLASS = YES_ERROR;
				CLANG_WARN_UNREACHABLE_CODE = YES;
				CLANG_WARN__DUPLICATE_METHOD_MATCH = YES;
				"CODE_SIGN_IDENTITY[sdk=iphoneos*]" = "iPhone Developer";
				COPY_PHASE_STRIP = NO;
				DEBUG_INFORMATION_FORMAT = "dwarf-with-dsym";
				ENABLE_NS_ASSERTIONS = NO;
				ENABLE_STRICT_OBJC_MSGSEND = YES;
				GCC_C_LANGUAGE_STANDARD = gnu99;
				GCC_NO_COMMON_BLOCKS = YES;
				GCC_WARN_64_TO_32_BIT_CONVERSION = YES;
				GCC_WARN_ABOUT_RETURN_TYPE = YES_ERROR;
				GCC_WARN_UNDECLARED_SELECTOR = YES;
				GCC_WARN_UNINITIALIZED_AUTOS = YES_AGGRESSIVE;
				GCC_WARN_UNUSED_FUNCTION = YES;
				GCC_WARN_UNUSED_VARIABLE = YES;
				IPHONEOS_DEPLOYMENT_TARGET = 9.3;
				MTL_ENABLE_DEBUG_INFO = NO;
				SDKROOT = iphoneos;
				VALIDATE_PRODUCT = YES;
			};
			name = Release;
		};
		7303F0081CF21070004DC896 /* Debug */ = {
			isa = XCBuildConfiguration;
			buildSettings = {
				ASSETCATALOG_COMPILER_APPICON_NAME = AppIcon;
				ASSETCATALOG_COMPILER_LAUNCHIMAGE_NAME = "Brand Assets";
				CODE_SIGN_IDENTITY = "iPhone Developer";
				"CODE_SIGN_IDENTITY[sdk=iphoneos*]" = "iPhone Developer";
				INFOPLIST_FILE = MyRestaurants/Info.plist;
				LD_RUNPATH_SEARCH_PATHS = "$(inherited) @executable_path/Frameworks";
				PRODUCT_BUNDLE_IDENTIFIER = Swift.MyRestaurants;
				PRODUCT_NAME = "$(TARGET_NAME)";
				PROVISIONING_PROFILE = "";
			};
			name = Debug;
		};
		7303F0091CF21070004DC896 /* Release */ = {
			isa = XCBuildConfiguration;
			buildSettings = {
				ASSETCATALOG_COMPILER_APPICON_NAME = AppIcon;
				ASSETCATALOG_COMPILER_LAUNCHIMAGE_NAME = "Brand Assets";
				CODE_SIGN_IDENTITY = "iPhone Developer";
				"CODE_SIGN_IDENTITY[sdk=iphoneos*]" = "iPhone Developer";
				INFOPLIST_FILE = MyRestaurants/Info.plist;
				LD_RUNPATH_SEARCH_PATHS = "$(inherited) @executable_path/Frameworks";
				PRODUCT_BUNDLE_IDENTIFIER = Swift.MyRestaurants;
				PRODUCT_NAME = "$(TARGET_NAME)";
				PROVISIONING_PROFILE = "";
			};
			name = Release;
		};
/* End XCBuildConfiguration section */

/* Begin XCConfigurationList section */
		7303EFF01CF21070004DC896 /* Build configuration list for PBXProject "MyRestaurants" */ = {
			isa = XCConfigurationList;
			buildConfigurations = (
				7303F0051CF21070004DC896 /* Debug */,
				7303F0061CF21070004DC896 /* Release */,
			);
			defaultConfigurationIsVisible = 0;
			defaultConfigurationName = Release;
		};
		7303F0071CF21070004DC896 /* Build configuration list for PBXNativeTarget "MyRestaurants" */ = {
			isa = XCConfigurationList;
			buildConfigurations = (
				7303F0081CF21070004DC896 /* Debug */,
				7303F0091CF21070004DC896 /* Release */,
			);
			defaultConfigurationIsVisible = 0;
			defaultConfigurationName = Release;
		};
/* End XCConfigurationList section */
	};
	rootObject = 7303EFED1CF21070004DC896 /* Project object */;
}
